
Microsoft Visual Studio Solution File, Format Version 12.00
# Visual Studio Version 17
VisualStudioVersion = 17.0.31903.59
MinimumVisualStudioVersion = 10.0.40219.1
Project("{FAE04EC0-301F-11D3-BF4B-00C04F79EFBC}") = "Client", "Client\Client.csproj", "{28C96177-20C8-42F0-8232-0FE9A0CA937F}"
EndProject
Project("{FAE04EC0-301F-11D3-BF4B-00C04F79EFBC}") = "Server", "Server\Server.csproj", "{D01B63CD-E7B7-4285-9FBF-F2C402458B7C}"
EndProject
Project("{FAE04EC0-301F-11D3-BF4B-00C04F79EFBC}") = "TokenProvider", "TokenProvider\TokenProvider.csproj", "{622F6727-D269-42ED-B24B-286FA6876893}"
EndProject
Global
	GlobalSection(SolutionConfigurationPlatforms) = preSolution
		Debug|Any CPU = Debug|Any CPU
		Debug|x64 = Debug|x64
		Debug|x86 = Debug|x86
		Release|Any CPU = Release|Any CPU
		Release|x64 = Release|x64
		Release|x86 = Release|x86
	EndGlobalSection
	GlobalSection(ProjectConfigurationPlatforms) = postSolution
		{28C96177-20C8-42F0-8232-0FE9A0CA937F}.Debug|Any CPU.ActiveCfg = Debug|Any CPU
		{28C96177-20C8-42F0-8232-0FE9A0CA937F}.Debug|Any CPU.Build.0 = Debug|Any CPU
		{28C96177-20C8-42F0-8232-0FE9A0CA937F}.Debug|x64.ActiveCfg = Debug|Any CPU
		{28C96177-20C8-42F0-8232-0FE9A0CA937F}.Debug|x64.Build.0 = Debug|Any CPU
		{28C96177-20C8-42F0-8232-0FE9A0CA937F}.Debug|x86.ActiveCfg = Debug|Any CPU
		{28C96177-20C8-42F0-8232-0FE9A0CA937F}.Debug|x86.Build.0 = Debug|Any CPU
		{28C96177-20C8-42F0-8232-0FE9A0CA937F}.Release|Any CPU.ActiveCfg = Release|Any CPU
		{28C96177-20C8-42F0-8232-0FE9A0CA937F}.Release|Any CPU.Build.0 = Release|Any CPU
		{28C96177-20C8-42F0-8232-0FE9A0CA937F}.Release|x64.ActiveCfg = Release|Any CPU
		{28C96177-20C8-42F0-8232-0FE9A0CA937F}.Release|x64.Build.0 = Release|Any CPU
		{28C96177-20C8-42F0-8232-0FE9A0CA937F}.Release|x86.ActiveCfg = Release|Any CPU
		{28C96177-20C8-42F0-8232-0FE9A0CA937F}.Release|x86.Build.0 = Release|Any CPU
		{D01B63CD-E7B7-4285-9FBF-F2C402458B7C}.Debug|Any CPU.ActiveCfg = Debug|Any CPU
		{D01B63CD-E7B7-4285-9FBF-F2C402458B7C}.Debug|Any CPU.Build.0 = Debug|Any CPU
		{D01B63CD-E7B7-4285-9FBF-F2C402458B7C}.Debug|x64.ActiveCfg = Debug|Any CPU
		{D01B63CD-E7B7-4285-9FBF-F2C402458B7C}.Debug|x64.Build.0 = Debug|Any CPU
		{D01B63CD-E7B7-4285-9FBF-F2C402458B7C}.Debug|x86.ActiveCfg = Debug|Any CPU
		{D01B63CD-E7B7-4285-9FBF-F2C402458B7C}.Debug|x86.Build.0 = Debug|Any CPU
		{D01B63CD-E7B7-4285-9FBF-F2C402458B7C}.Release|Any CPU.ActiveCfg = Release|Any CPU
		{D01B63CD-E7B7-4285-9FBF-F2C402458B7C}.Release|Any CPU.Build.0 = Release|Any CPU
		{D01B63CD-E7B7-4285-9FBF-F2C402458B7C}.Release|x64.ActiveCfg = Release|Any CPU
		{D01B63CD-E7B7-4285-9FBF-F2C402458B7C}.Release|x64.Build.0 = Release|Any CPU
		{D01B63CD-E7B7-4285-9FBF-F2C402458B7C}.Release|x86.ActiveCfg = Release|Any CPU
		{D01B63CD-E7B7-4285-9FBF-F2C402458B7C}.Release|x86.Build.0 = Release|Any CPU
		{622F6727-D269-42ED-B24B-286FA6876893}.Debug|Any CPU.ActiveCfg = Debug|Any CPU
		{622F6727-D269-42ED-B24B-286FA6876893}.Debug|Any CPU.Build.0 = Debug|Any CPU
		{622F6727-D269-42ED-B24B-286FA6876893}.Debug|x64.ActiveCfg = Debug|Any CPU
		{622F6727-D269-42ED-B24B-286FA6876893}.Debug|x64.Build.0 = Debug|Any CPU
		{622F6727-D269-42ED-B24B-286FA6876893}.Debug|x86.ActiveCfg = Debug|Any CPU
		{622F6727-D269-42ED-B24B-286FA6876893}.Debug|x86.Build.0 = Debug|Any CPU
		{622F6727-D269-42ED-B24B-286FA6876893}.Release|Any CPU.ActiveCfg = Release|Any CPU
		{622F6727-D269-42ED-B24B-286FA6876893}.Release|Any CPU.Build.0 = Release|Any CPU
		{622F6727-D269-42ED-B24B-286FA6876893}.Release|x64.ActiveCfg = Release|Any CPU
		{622F6727-D269-42ED-B24B-286FA6876893}.Release|x64.Build.0 = Release|Any CPU
		{622F6727-D269-42ED-B24B-286FA6876893}.Release|x86.ActiveCfg = Release|Any CPU
		{622F6727-D269-42ED-B24B-286FA6876893}.Release|x86.Build.0 = Release|Any CPU
	EndGlobalSection
	GlobalSection(SolutionProperties) = preSolution
		HideSolutionNode = FALSE
	EndGlobalSection
EndGlobal
